// !$*UTF8*$!
{
	archiveVersion = 1;
	classes = {
	};
	objectVersion = 46;
	objects = {

/* Begin PBXBuildFile section */
		755162571684E7EA220949A0 /* Pods_Soar_iPad.framework in Frameworks */ = {isa = PBXBuildFile; fileRef = 45541FAC65E96D35EB08CDC3 /* Pods_Soar_iPad.framework */; };
		EA99AEC61D1FADB500417DDA /* AppDelegate.swift in Sources */ = {isa = PBXBuildFile; fileRef = EA99AEC51D1FADB500417DDA /* AppDelegate.swift */; };
		EA99AEC81D1FADB500417DDA /* LoginViewController.swift in Sources */ = {isa = PBXBuildFile; fileRef = EA99AEC71D1FADB500417DDA /* LoginViewController.swift */; };
		EA99AECB1D1FADB500417DDA /* Main.storyboard in Resources */ = {isa = PBXBuildFile; fileRef = EA99AEC91D1FADB500417DDA /* Main.storyboard */; };
		EA99AECD1D1FADB500417DDA /* Assets.xcassets in Resources */ = {isa = PBXBuildFile; fileRef = EA99AECC1D1FADB500417DDA /* Assets.xcassets */; };
		EA99AED01D1FADB500417DDA /* LaunchScreen.storyboard in Resources */ = {isa = PBXBuildFile; fileRef = EA99AECE1D1FADB500417DDA /* LaunchScreen.storyboard */; };
		EA99AED81D1FAF0800417DDA /* GoogleService-Info.plist in Resources */ = {isa = PBXBuildFile; fileRef = EA99AED71D1FAF0800417DDA /* GoogleService-Info.plist */; };
/* End PBXBuildFile section */

/* Begin PBXFileReference section */
		45541FAC65E96D35EB08CDC3 /* Pods_Soar_iPad.framework */ = {isa = PBXFileReference; explicitFileType = wrapper.framework; includeInIndex = 0; path = Pods_Soar_iPad.framework; sourceTree = BUILT_PRODUCTS_DIR; };
		69DD838176ABF525C499BD91 /* Pods-Soar_iPad.release.xcconfig */ = {isa = PBXFileReference; includeInIndex = 1; lastKnownFileType = text.xcconfig; name = "Pods-Soar_iPad.release.xcconfig"; path = "Pods/Target Support Files/Pods-Soar_iPad/Pods-Soar_iPad.release.xcconfig"; sourceTree = "<group>"; };
		BF79854963B91C7ACDDEE232 /* Pods-Soar_iPad.debug.xcconfig */ = {isa = PBXFileReference; includeInIndex = 1; lastKnownFileType = text.xcconfig; name = "Pods-Soar_iPad.debug.xcconfig"; path = "Pods/Target Support Files/Pods-Soar_iPad/Pods-Soar_iPad.debug.xcconfig"; sourceTree = "<group>"; };
		EA7C0C6A1D206C8D00114E33 /* pop.framework */ = {isa = PBXFileReference; lastKnownFileType = wrapper.framework; name = pop.framework; path = "../../../Library/Developer/Xcode/DerivedData/Soar_iPad-flxesullfaqzqzeklxphihmvwbtk/Build/Products/Debug-iphoneos/pop/pop.framework"; sourceTree = "<group>"; };
		EA99AEC21D1FADB500417DDA /* Soar_iPad.app */ = {isa = PBXFileReference; explicitFileType = wrapper.application; includeInIndex = 0; path = Soar_iPad.app; sourceTree = BUILT_PRODUCTS_DIR; };
		EA99AEC51D1FADB500417DDA /* AppDelegate.swift */ = {isa = PBXFileReference; lastKnownFileType = sourcecode.swift; path = AppDelegate.swift; sourceTree = "<group>"; };
		EA99AEC71D1FADB500417DDA /* LoginViewController.swift */ = {isa = PBXFileReference; lastKnownFileType = sourcecode.swift; path = LoginViewController.swift; sourceTree = "<group>"; };
		EA99AECA1D1FADB500417DDA /* Base */ = {isa = PBXFileReference; lastKnownFileType = file.storyboard; name = Base; path = Base.lproj/Main.storyboard; sourceTree = "<group>"; };
		EA99AECC1D1FADB500417DDA /* Assets.xcassets */ = {isa = PBXFileReference; lastKnownFileType = folder.assetcatalog; path = Assets.xcassets; sourceTree = "<group>"; };
		EA99AECF1D1FADB500417DDA /* Base */ = {isa = PBXFileReference; lastKnownFileType = file.storyboard; name = Base; path = Base.lproj/LaunchScreen.storyboard; sourceTree = "<group>"; };
		EA99AED11D1FADB500417DDA /* Info.plist */ = {isa = PBXFileReference; lastKnownFileType = text.plist.xml; path = Info.plist; sourceTree = "<group>"; };
		EA99AED71D1FAF0800417DDA /* GoogleService-Info.plist */ = {isa = PBXFileReference; fileEncoding = 4; lastKnownFileType = text.plist.xml; path = "GoogleService-Info.plist"; sourceTree = "<group>"; };
/* End PBXFileReference section */

/* Begin PBXFrameworksBuildPhase section */
		EA99AEBF1D1FADB500417DDA /* Frameworks */ = {
			isa = PBXFrameworksBuildPhase;
			buildActionMask = 2147483647;
			files = (
				755162571684E7EA220949A0 /* Pods_Soar_iPad.framework in Frameworks */,
			);
			runOnlyForDeploymentPostprocessing = 0;
		};
/* End PBXFrameworksBuildPhase section */

/* Begin PBXGroup section */
		2216189346E1FF423A87B221 /* Pods */ = {
			isa = PBXGroup;
			children = (
				BF79854963B91C7ACDDEE232 /* Pods-Soar_iPad.debug.xcconfig */,
				69DD838176ABF525C499BD91 /* Pods-Soar_iPad.release.xcconfig */,
			);
			name = Pods;
			sourceTree = "<group>";
		};
		6909BA9D8C5686667CD0F9F4 /* Frameworks */ = {
			isa = PBXGroup;
			children = (
				EA7C0C6A1D206C8D00114E33 /* pop.framework */,
				45541FAC65E96D35EB08CDC3 /* Pods_Soar_iPad.framework */,
			);
			name = Frameworks;
			sourceTree = "<group>";
		};
		EA99AEB91D1FADB500417DDA = {
			isa = PBXGroup;
			children = (
				EA99AEC41D1FADB500417DDA /* Soar_iPad */,
				EA99AEC31D1FADB500417DDA /* Products */,
				2216189346E1FF423A87B221 /* Pods */,
				6909BA9D8C5686667CD0F9F4 /* Frameworks */,
			);
			sourceTree = "<group>";
		};
		EA99AEC31D1FADB500417DDA /* Products */ = {
			isa = PBXGroup;
			children = (
				EA99AEC21D1FADB500417DDA /* Soar_iPad.app */,
			);
			name = Products;
			sourceTree = "<group>";
		};
		EA99AEC41D1FADB500417DDA /* Soar_iPad */ = {
			isa = PBXGroup;
			children = (
				EA99AEC51D1FADB500417DDA /* AppDelegate.swift */,
				EA99AEC71D1FADB500417DDA /* LoginViewController.swift */,
				EA99AEC91D1FADB500417DDA /* Main.storyboard */,
				EA99AECC1D1FADB500417DDA /* Assets.xcassets */,
				EA99AECE1D1FADB500417DDA /* LaunchScreen.storyboard */,
				EA99AED11D1FADB500417DDA /* Info.plist */,
				EA99AED71D1FAF0800417DDA /* GoogleService-Info.plist */,
			);
			path = Soar_iPad;
			sourceTree = "<group>";
		};
/* End PBXGroup section */

/* Begin PBXNativeTarget section */
		EA99AEC11D1FADB500417DDA /* Soar_iPad */ = {
			isa = PBXNativeTarget;
			buildConfigurationList = EA99AED41D1FADB500417DDA /* Build configuration list for PBXNativeTarget "Soar_iPad" */;
			buildPhases = (
				D2A61165FFFFB5010E72AF24 /* [CP] Check Pods Manifest.lock */,
				EA99AEBE1D1FADB500417DDA /* Sources */,
				EA99AEBF1D1FADB500417DDA /* Frameworks */,
				EA99AEC01D1FADB500417DDA /* Resources */,
				1A3D8E3A61FF7693B0B47435 /* [CP] Embed Pods Frameworks */,
				89E36A718C3F1ED63FEBA0BD /* [CP] Copy Pods Resources */,
			);
			buildRules = (
			);
			dependencies = (
			);
			name = Soar_iPad;
			productName = Soar_iPad;
			productReference = EA99AEC21D1FADB500417DDA /* Soar_iPad.app */;
			productType = "com.apple.product-type.application";
		};
/* End PBXNativeTarget section */

/* Begin PBXProject section */
		EA99AEBA1D1FADB500417DDA /* Project object */ = {
			isa = PBXProject;
			attributes = {
				LastSwiftUpdateCheck = 0730;
				LastUpgradeCheck = 0730;
				ORGANIZATIONNAME = "Brandon Hightower";
				TargetAttributes = {
					EA99AEC11D1FADB500417DDA = {
						CreatedOnToolsVersion = 7.3.1;
						DevelopmentTeam = MYERUN9K4T;
					};
				};
			};
			buildConfigurationList = EA99AEBD1D1FADB500417DDA /* Build configuration list for PBXProject "Soar_iPad" */;
			compatibilityVersion = "Xcode 3.2";
			developmentRegion = English;
			hasScannedForEncodings = 0;
			knownRegions = (
				en,
				Base,
			);
			mainGroup = EA99AEB91D1FADB500417DDA;
			productRefGroup = EA99AEC31D1FADB500417DDA /* Products */;
			projectDirPath = "";
			projectRoot = "";
			targets = (
				EA99AEC11D1FADB500417DDA /* Soar_iPad */,
			);
		};
/* End PBXProject section */

/* Begin PBXResourcesBuildPhase section */
		EA99AEC01D1FADB500417DDA /* Resources */ = {
			isa = PBXResourcesBuildPhase;
			buildActionMask = 2147483647;
			files = (
				EA99AED01D1FADB500417DDA /* LaunchScreen.storyboard in Resources */,
				EA99AECD1D1FADB500417DDA /* Assets.xcassets in Resources */,
				EA99AECB1D1FADB500417DDA /* Main.storyboard in Resources */,
				EA99AED81D1FAF0800417DDA /* GoogleService-Info.plist in Resources */,
			);
			runOnlyForDeploymentPostprocessing = 0;
		};
/* End PBXResourcesBuildPhase section */

/* Begin PBXShellScriptBuildPhase section */
		1A3D8E3A61FF7693B0B47435 /* [CP] Embed Pods Frameworks */ = {
			isa = PBXShellScriptBuildPhase;
			buildActionMask = 2147483647;
			files = (
			);
			inputPaths = (
			);
			name = "[CP] Embed Pods Frameworks";
			outputPaths = (
			);
			runOnlyForDeploymentPostprocessing = 0;
			shellPath = /bin/sh;
			shellScript = "\"${SRCROOT}/Pods/Target Support Files/Pods-Soar_iPad/Pods-Soar_iPad-frameworks.sh\"\n";
			showEnvVarsInLog = 0;
		};
		89E36A718C3F1ED63FEBA0BD /* [CP] Copy Pods Resources */ = {
			isa = PBXShellScriptBuildPhase;
			buildActionMask = 2147483647;
			files = (
			);
			inputPaths = (
			);
			name = "[CP] Copy Pods Resources";
			outputPaths = (
			);
			runOnlyForDeploymentPostprocessing = 0;
			shellPath = /bin/sh;
			shellScript = "\"${SRCROOT}/Pods/Target Support Files/Pods-Soar_iPad/Pods-Soar_iPad-resources.sh\"\n";
			showEnvVarsInLog = 0;
		};
		D2A61165FFFFB5010E72AF24 /* [CP] Check Pods Manifest.lock */ = {
			isa = PBXShellScriptBuildPhase;
			buildActionMask = 2147483647;
			files = (
			);
			inputPaths = (
			);
			name = "[CP] Check Pods Manifest.lock";
			outputPaths = (
			);
			runOnlyForDeploymentPostprocessing = 0;
			shellPath = /bin/sh;
			shellScript = "diff \"${PODS_ROOT}/../Podfile.lock\" \"${PODS_ROOT}/Manifest.lock\" > /dev/null\nif [[ $? != 0 ]] ; then\n    cat << EOM\nerror: The sandbox is not in sync with the Podfile.lock. Run 'pod install' or update your CocoaPods installation.\nEOM\n    exit 1\nfi\n";
			showEnvVarsInLog = 0;
		};
/* End PBXShellScriptBuildPhase section */

/* Begin PBXSourcesBuildPhase section */
		EA99AEBE1D1FADB500417DDA /* Sources */ = {
			isa = PBXSourcesBuildPhase;
			buildActionMask = 2147483647;
			files = (
				EA99AEC81D1FADB500417DDA /* LoginViewController.swift in Sources */,
				EA99AEC61D1FADB500417DDA /* AppDelegate.swift in Sources */,
			);
			runOnlyForDeploymentPostprocessing = 0;
		};
/* End PBXSourcesBuildPhase section */

/* Begin PBXVariantGroup section */
		EA99AEC91D1FADB500417DDA /* Main.storyboard */ = {
			isa = PBXVariantGroup;
			children = (
				EA99AECA1D1FADB500417DDA /* Base */,
			);
			name = Main.storyboard;
			sourceTree = "<group>";
		};
		EA99AECE1D1FADB500417DDA /* LaunchScreen.storyboard */ = {
			isa = PBXVariantGroup;
			children = (
				EA99AECF1D1FADB500417DDA /* Base */,
			);
			name = LaunchScreen.storyboard;
			sourceTree = "<group>";
		};
/* End PBXVariantGroup section */

/* Begin XCBuildConfiguration section */
		EA99AED21D1FADB500417DDA /* Debug */ = {
			isa = XCBuildConfiguration;
			buildSettings = {
				ALWAYS_SEARCH_USER_PATHS = NO;
				CLANG_ANALYZER_NONNULL = YES;
				CLANG_CXX_LANGUAGE_STANDARD = "gnu++0x";
				CLANG_CXX_LIBRARY = "libc++";
				CLANG_ENABLE_MODULES = YES;
				CLANG_ENABLE_OBJC_ARC = YES;
				CLANG_WARN_BOOL_CONVERSION = YES;
				CLANG_WARN_CONSTANT_CONVERSION = YES;
				CLANG_WARN_DIRECT_OBJC_ISA_USAGE = YES_ERROR;
				CLANG_WARN_EMPTY_BODY = YES;
				CLANG_WARN_ENUM_CONVERSION = YES;
				CLANG_WARN_INT_CONVERSION = YES;
				CLANG_WARN_OBJC_ROOT_CLASS = YES_ERROR;
				CLANG_WARN_UNREACHABLE_CODE = YES;
				CLANG_WARN__DUPLICATE_METHOD_MATCH = YES;
				"CODE_SIGN_IDENTITY[sdk=iphoneos*]" = "iPhone Developer";
				COPY_PHASE_STRIP = NO;
				DEBUG_INFORMATION_FORMAT = dwarf;
				ENABLE_STRICT_OBJC_MSGSEND = YES;
				ENABLE_TESTABILITY = YES;
				GCC_C_LANGUAGE_STANDARD = gnu99;
				GCC_DYNAMIC_NO_PIC = NO;
				GCC_NO_COMMON_BLOCKS = YES;
				GCC_OPTIMIZATION_LEVEL = 0;
				GCC_PREPROCESSOR_DEFINITIONS = (
					"DEBUG=1",
					"$(inherited)",
				);
				GCC_WARN_64_TO_32_BIT_CONVERSION = YES;
				GCC_WARN_ABOUT_RETURN_TYPE = YES_ERROR;
				GCC_WARN_UNDECLARED_SELECTOR = YES;
				GCC_WARN_UNINITIALIZED_AUTOS = YES_AGGRESSIVE;
				GCC_WARN_UNUSED_FUNCTION = YES;
				GCC_WARN_UNUSED_VARIABLE = YES;
				IPHONEOS_DEPLOYMENT_TARGET = 9.3;
				MTL_ENABLE_DEBUG_INFO = YES;
				ONLY_ACTIVE_ARCH = YES;
				SDKROOT = iphoneos;
				SWIFT_OBJC_BRIDGING_HEADER = "/Users/brandonhightower/Desktop/Project \"Eagle\"/Soar_iPad/Soar_iPad/Bridging Header.h";
				SWIFT_OPTIMIZATION_LEVEL = "-Onone";
			};
			name = Debug;
		};
		EA99AED31D1FADB500417DDA /* Release */ = {
			isa = XCBuildConfiguration;
			buildSettings = {
				ALWAYS_SEARCH_USER_PATHS = NO;
				CLANG_ANALYZER_NONNULL = YES;
				CLANG_CXX_LANGUAGE_STANDARD = "gnu++0x";
				CLANG_CXX_LIBRARY = "libc++";
				CLANG_ENABLE_MODULES = YES;
				CLANG_ENABLE_OBJC_ARC = YES;
				CLANG_WARN_BOOL_CONVERSION = YES;
				CLANG_WARN_CONSTANT_CONVERSION = YES;
				CLANG_WARN_DIRECT_OBJC_ISA_USAGE = YES_ERROR;
				CLANG_WARN_EMPTY_BODY = YES;
				CLANG_WARN_ENUM_CONVERSION = YES;
				CLANG_WARN_INT_CONVERSION = YES;
				CLANG_WARN_OBJC_ROOT_CLASS = YES_ERROR;
				CLANG_WARN_UNREACHABLE_CODE = YES;
				CLANG_WARN__DUPLICATE_METHOD_MATCH = YES;
				"CODE_SIGN_IDENTITY[sdk=iphoneos*]" = "iPhone Developer";
				COPY_PHASE_STRIP = NO;
				DEBUG_INFORMATION_FORMAT = "dwarf-with-dsym";
				ENABLE_NS_ASSERTIONS = NO;
				ENABLE_STRICT_OBJC_MSGSEND = YES;
				GCC_C_LANGUAGE_STANDARD = gnu99;
				GCC_NO_COMMON_BLOCKS = YES;
				GCC_WARN_64_TO_32_BIT_CONVERSION = YES;
				GCC_WARN_ABOUT_RETURN_TYPE = YES_ERROR;
				GCC_WARN_UNDECLARED_SELECTOR = YES;
				GCC_WARN_UNINITIALIZED_AUTOS = YES_AGGRESSIVE;
				GCC_WARN_UNUSED_FUNCTION = YES;
				GCC_WARN_UNUSED_VARIABLE = YES;
				IPHONEOS_DEPLOYMENT_TARGET = 9.3;
				MTL_ENABLE_DEBUG_INFO = NO;
				SDKROOT = iphoneos;
				SWIFT_OBJC_BRIDGING_HEADER = "/Users/brandonhightower/Desktop/Project \"Eagle\"/Soar_iPad/Soar_iPad/Bridging Header.h";
				VALIDATE_PRODUCT = YES;
			};
			name = Release;
		};
		EA99AED51D1FADB500417DDA /* Debug */ = {
			isa = XCBuildConfiguration;
			baseConfigurationReference = BF79854963B91C7ACDDEE232 /* Pods-Soar_iPad.debug.xcconfig */;
			buildSettings = {
				ASSETCATALOG_COMPILER_APPICON_NAME = AppIcon;
				INFOPLIST_FILE = Soar_iPad/Info.plist;
				IPHONEOS_DEPLOYMENT_TARGET = 9.0;
				LD_RUNPATH_SEARCH_PATHS = "$(inherited) @executable_path/Frameworks";
				PRODUCT_BUNDLE_IDENTIFIER = "com.BrandonHightower.Soar-iPad";
				PRODUCT_NAME = "$(TARGET_NAME)";
				SWIFT_OBJC_BRIDGING_HEADER = "";
				TARGETED_DEVICE_FAMILY = 2;
			};
			name = Debug;
		};
		EA99AED61D1FADB500417DDA /* Release */ = {
			isa = XCBuildConfiguration;
			baseConfigurationReference = 69DD838176ABF525C499BD91 /* Pods-Soar_iPad.release.xcconfig */;
			buildSettings = {
				ASSETCATALOG_COMPILER_APPICON_NAME = AppIcon;
				INFOPLIST_FILE = Soar_iPad/Info.plist;
				IPHONEOS_DEPLOYMENT_TARGET = 9.0;
				LD_RUNPATH_SEARCH_PATHS = "$(inherited) @executable_path/Frameworks";
				PRODUCT_BUNDLE_IDENTIFIER = "com.BrandonHightower.Soar-iPad";
				PRODUCT_NAME = "$(TARGET_NAME)";
				SWIFT_OBJC_BRIDGING_HEADER = "";
				TARGETED_DEVICE_FAMILY = 2;
			};
			name = Release;
		};
/* End XCBuildConfiguration section */

/* Begin XCConfigurationList section */
		EA99AEBD1D1FADB500417DDA /* Build configuration list for PBXProject "Soar_iPad" */ = {
			isa = XCConfigurationList;
			buildConfigurations = (
				EA99AED21D1FADB500417DDA /* Debug */,
				EA99AED31D1FADB500417DDA /* Release */,
			);
			defaultConfigurationIsVisible = 0;
			defaultConfigurationName = Release;
		};
		EA99AED41D1FADB500417DDA /* Build configuration list for PBXNativeTarget "Soar_iPad" */ = {
			isa = XCConfigurationList;
			buildConfigurations = (
				EA99AED51D1FADB500417DDA /* Debug */,
				EA99AED61D1FADB500417DDA /* Release */,
			);
			defaultConfigurationIsVisible = 0;
			defaultConfigurationName = Release;
		};
/* End XCConfigurationList section */
	};
	rootObject = EA99AEBA1D1FADB500417DDA /* Project object */;
}
